<?xml version="1.0"?>
<CONFIG>
  <ProjectOptions>
    <PathDelim Value="\"/>
    <Version Value="6"/>
    <General>
      <Flags>
        <AlwaysBuild Value="False"/>
      </Flags>
      <SessionStorage Value="InProjectDir"/>
      <MainUnit Value="0"/>
      <IconPath Value="./"/>
      <TargetFileExt Value=".exe"/>
      <Title Value="API Manager"/>
      <UseXPManifest Value="True"/>
    </General>
    <i18n>
      <EnableI18N Value="True"/>
      <OutDir Value="i18n"/>
    </i18n>
    <VersionInfo>
      <ProjectVersion Value=""/>
    </VersionInfo>
    <PublishOptions>
      <Version Value="2"/>
      <IgnoreBinaries Value="False"/>
      <IncludeFileFilter Value="*.(pas|pp|inc|lfm|lpr|lrs|lpi|lpk|sh|xml)"/>
      <ExcludeFileFilter Value="*.(bak|ppu|ppw|o|so);*~;backup"/>
    </PublishOptions>
    <RunParams>
      <local>
        <FormatVersion Value="1"/>
        <LaunchingApplication PathPlusParams="/usr/X11R6/bin/xterm -T 'Lazarus Run Output' -e $(LazarusDir)/tools/runwait.sh $(TargetCmdLine)"/>
      </local>
    </RunParams>
    <RequiredPackages Count="1">
      <Item1>
        <PackageName Value="LCL"/>
        <MinVersion Major="1" Valid="True"/>
      </Item1>
    </RequiredPackages>
    <Units Count="14">
      <Unit0>
        <Filename Value="Project1.lpr"/>
        <IsPartOfProject Value="True"/>
      </Unit0>
      <Unit1>
        <Filename Value="Unit1.pas"/>
        <ComponentName Value="mainForm"/>
        <HasResources Value="True"/>
        <IsPartOfProject Value="True"/>
        <ResourceBaseClass Value="Form"/>
        <ResourceFilename Value="Unit1.lrs"/>
        <UnitName Value="Unit1"/>
      </Unit1>
      <Unit2>
        <Filename Value="wstyles.pas"/>
        <ComponentName Value="windowstyleform"/>
        <HasResources Value="True"/>
        <IsPartOfProject Value="True"/>
        <ResourceBaseClass Value="Form"/>
        <ResourceFilename Value="wstyles.lrs"/>
        <UnitName Value="wstyles"/>
      </Unit2>
      <Unit3>
        <Filename Value="passwort.pas"/>
        <IsPartOfProject Value="True"/>
        <UnitName Value="passwort"/>
      </Unit3>
      <Unit4>
        <Filename Value="windowfuncs.pas"/>
        <IsPartOfProject Value="True"/>
        <UnitName Value="windowfuncs"/>
      </Unit4>
      <Unit5>
        <Filename Value="applicationconfig.pas"/>
        <IsPartOfProject Value="True"/>
        <UnitName Value="applicationConfig"/>
      </Unit5>
      <Unit6>
        <Filename Value="winconstwindow.pas"/>
        <ComponentName Value="windowConstForm"/>
        <IsPartOfProject Value="True"/>
        <ResourceBaseClass Value="Form"/>
        <ResourceFilename Value="winconstwindow.lrs"/>
        <UnitName Value="winconstwindow"/>
      </Unit6>
      <Unit7>
        <Filename Value="windowcontrolfuncs.pas"/>
        <IsPartOfProject Value="True"/>
        <UnitName Value="windowcontrolfuncs"/>
      </Unit7>
      <Unit8>
        <Filename Value="windowpropertysheet.pas"/>
        <ComponentName Value="WindowPropertySheetFrm"/>
        <IsPartOfProject Value="True"/>
        <ResourceBaseClass Value="Form"/>
        <ResourceFilename Value="windowpropertysheet.lrs"/>
        <UnitName Value="windowPropertySheet"/>
      </Unit8>
      <Unit9>
        <Filename Value="windowList.pas"/>
        <ComponentName Value="WindowListFrm"/>
        <IsPartOfProject Value="True"/>
        <ResourceBaseClass Value="Form"/>
        <ResourceFilename Value="windowList.lrs"/>
        <UnitName Value="windowList"/>
      </Unit9>
      <Unit10>
        <Filename Value="searchtool.pas"/>
        <ComponentName Value="searchToolFrm"/>
        <IsPartOfProject Value="True"/>
        <ResourceBaseClass Value="Form"/>
        <ResourceFilename Value="searchtool.lrs"/>
        <UnitName Value="searchTool"/>
      </Unit10>
      <Unit11>
        <Filename Value="processlist.pas"/>
        <ComponentName Value="processListFrm"/>
        <IsPartOfProject Value="True"/>
        <ResourceBaseClass Value="Form"/>
        <ResourceFilename Value="processlist.lrs"/>
        <UnitName Value="processList"/>
      </Unit11>
      <Unit12>
        <Filename Value="systemoptions.pas"/>
        <ComponentName Value="systemOptionsFrm"/>
        <IsPartOfProject Value="True"/>
        <ResourceBaseClass Value="Form"/>
        <ResourceFilename Value="systemoptions.lrs"/>
        <UnitName Value="systemOptions"/>
      </Unit12>
      <Unit13>
        <Filename Value="options.pas"/>
        <ComponentName Value="optionFrm"/>
        <IsPartOfProject Value="True"/>
        <ResourceBaseClass Value="Form"/>
        <ResourceFilename Value="options.lrs"/>
        <UnitName Value="options"/>
      </Unit13>
    </Units>
  </ProjectOptions>
  <CompilerOptions>
    <Version Value="8"/>
    <PathDelim Value="\"/>
    <Target>
      <Filename Value="apim.exe"/>
    </Target>
    <SearchPaths>
      <OtherUnitFiles Value="$(LazarusDir)\lcl\units\$(TargetCPU)-$(TargetOS)\;$(LazarusDir)\lcl\units\$(TargetCPU)-$(TargetOS)\$(LCLWidgetType)\;$(LazarusDir)\components\codetools\units\$(TargetCPU)-$(TargetOS)\;$(LazarusDir)\components\custom\;$(LazarusDir)\packager\units\$(TargetCPU)-$(TargetOS)\;U:\components\pascal\data\;U:\trunks\components\pascal\data\"/>
      <SrcPath Value="U:\components\pascal\data\"/>
    </SearchPaths>
    <CodeGeneration>
      <Checks>
        <IOChecks Value="True"/>
        <RangeChecks Value="True"/>
        <OverflowChecks Value="True"/>
        <StackChecks Value="True"/>
      </Checks>
    </CodeGeneration>
    <Linking>
      <Options>
        <Win32>
          <GraphicApplication Value="True"/>
        </Win32>
      </Options>
    </Linking>
    <Other>
      <CompilerPath Value="$(CompPath)"/>
    </Other>
  </CompilerOptions>
</CONFIG>
