<?xml version="1.0"?>
<CONFIG>
  <ProjectOptions>
    <PathDelim Value="\"/>
    <Version Value="6"/>
    <General>
      <Flags>
        <AlwaysBuild Value="False"/>
      </Flags>
      <MainUnit Value="0"/>
      <IconPath Value="./"/>
      <TargetFileExt Value=".exe"/>
      <ActiveEditorIndexAtStart Value="1"/>
    </General>
    <VersionInfo>
      <ProjectVersion Value=""/>
    </VersionInfo>
    <PublishOptions>
      <Version Value="2"/>
      <IgnoreBinaries Value="False"/>
      <IncludeFileFilter Value="*.(pas|pp|inc|lfm|lpr|lrs|lpi|lpk|sh|xml)"/>
      <ExcludeFileFilter Value="*.(bak|ppu|ppw|o|so);*~;backup"/>
    </PublishOptions>
    <RunParams>
      <local>
        <FormatVersion Value="1"/>
        <LaunchingApplication PathPlusParams="/usr/X11R6/bin/xterm -T 'Lazarus Run Output' -e $(LazarusDir)/tools/runwait.sh $(TargetCmdLine)"/>
      </local>
    </RunParams>
    <RequiredPackages Count="1">
      <Item1>
        <PackageName Value="LCL"/>
        <MinVersion Major="1" Valid="True"/>
      </Item1>
    </RequiredPackages>
    <Units Count="140">
      <Unit0>
        <Filename Value="Project1.lpr"/>
        <IsPartOfProject Value="True"/>
        <CursorPos X="1" Y="14"/>
        <TopLine Value="1"/>
        <EditorIndex Value="0"/>
        <UsageCount Value="135"/>
        <Loaded Value="True"/>
      </Unit0>
      <Unit1>
        <Filename Value="Unit1.pas"/>
        <ComponentName Value="mainForm"/>
        <HasResources Value="True"/>
        <IsPartOfProject Value="True"/>
        <ResourceFilename Value="Unit1.lrs"/>
        <UnitName Value="Unit1"/>
        <CursorPos X="49" Y="779"/>
        <TopLine Value="762"/>
        <EditorIndex Value="1"/>
        <UsageCount Value="135"/>
        <Bookmarks Count="3">
          <Item0 X="24" Y="1323" ID="2"/>
          <Item1 X="42" Y="1442" ID="4"/>
          <Item2 X="23" Y="699" ID="5"/>
        </Bookmarks>
        <Loaded Value="True"/>
      </Unit1>
      <Unit2>
        <Filename Value="wstyles.pas"/>
        <ComponentName Value="windowstyleform"/>
        <HasResources Value="True"/>
        <IsPartOfProject Value="True"/>
        <ResourceFilename Value="wstyles.lrs"/>
        <UnitName Value="wstyles"/>
        <CursorPos X="14" Y="187"/>
        <TopLine Value="167"/>
        <UsageCount Value="135"/>
      </Unit2>
      <Unit3>
        <Filename Value="passwort.pas"/>
        <IsPartOfProject Value="True"/>
        <UnitName Value="passwort"/>
        <CursorPos X="3" Y="21"/>
        <TopLine Value="6"/>
        <EditorIndex Value="2"/>
        <UsageCount Value="135"/>
        <Loaded Value="True"/>
      </Unit3>
      <Unit4>
        <Filename Value="help.pas"/>
        <ComponentName Value="helpform"/>
        <HasResources Value="True"/>
        <IsPartOfProject Value="True"/>
        <ResourceFilename Value="help.lrs"/>
        <UnitName Value="help"/>
        <CursorPos X="39" Y="28"/>
        <TopLine Value="11"/>
        <UsageCount Value="135"/>
      </Unit4>
      <Unit5>
        <Filename Value="temp.pas"/>
        <ComponentName Value="BenMessages"/>
        <HasResources Value="True"/>
        <IsPartOfProject Value="True"/>
        <ResourceFilename Value="temp.lrs"/>
        <UnitName Value="temp"/>
        <CursorPos X="21" Y="20"/>
        <TopLine Value="22"/>
        <UsageCount Value="135"/>
      </Unit5>
      <Unit6>
        <Filename Value="windowfuncs.pas"/>
        <IsPartOfProject Value="True"/>
        <UnitName Value="windowfuncs"/>
        <CursorPos X="55" Y="62"/>
        <TopLine Value="46"/>
        <EditorIndex Value="4"/>
        <UsageCount Value="135"/>
        <Loaded Value="True"/>
      </Unit6>
      <Unit7>
        <Filename Value="commontypes.pas"/>
        <UnitName Value="commontypes"/>
        <CursorPos X="69" Y="31"/>
        <TopLine Value="23"/>
        <UsageCount Value="19"/>
      </Unit7>
      <Unit8>
        <Filename Value="help.lfm"/>
        <CursorPos X="12" Y="1"/>
        <TopLine Value="1"/>
        <UsageCount Value="9"/>
        <SyntaxHighlighter Value="LFM"/>
      </Unit8>
      <Unit9>
        <Filename Value="proc9.pas"/>
        <UnitName Value="proc9"/>
        <CursorPos X="3" Y="81"/>
        <TopLine Value="78"/>
        <UsageCount Value="26"/>
      </Unit9>
      <Unit10>
        <Filename Value="D:\programming\lazarus\fpc\2.2.0\source\rtl\win32\system.pp"/>
        <UnitName Value="System"/>
        <CursorPos X="6" Y="188"/>
        <TopLine Value="166"/>
        <UsageCount Value="33"/>
      </Unit10>
      <Unit11>
        <Filename Value="D:\programming\lazarus\fpc\2.2.0\source\rtl\win\sysos.inc"/>
        <CursorPos X="9" Y="316"/>
        <TopLine Value="288"/>
        <UsageCount Value="9"/>
      </Unit11>
      <Unit12>
        <Filename Value="temp.lfm"/>
        <CursorPos X="24" Y="25"/>
        <TopLine Value="1"/>
        <UsageCount Value="21"/>
        <SyntaxHighlighter Value="LFM"/>
      </Unit12>
      <Unit13>
        <Filename Value="Unit2.pas"/>
        <ComponentName Value="Form2"/>
        <HasResources Value="True"/>
        <ResourceFilename Value="Unit2.lrs"/>
        <UnitName Value="Unit2"/>
        <CursorPos X="2" Y="23"/>
        <TopLine Value="1"/>
        <UsageCount Value="33"/>
      </Unit13>
      <Unit14>
        <Filename Value="D:\programming\lazarus\lcl\checklst.pas"/>
        <UnitName Value="CheckLst"/>
        <CursorPos X="31" Y="24"/>
        <TopLine Value="22"/>
        <UsageCount Value="21"/>
      </Unit14>
      <Unit15>
        <Filename Value="D:\programming\lazarus\lcl\stdctrls.pp"/>
        <UnitName Value="StdCtrls"/>
        <CursorPos X="3" Y="383"/>
        <TopLine Value="373"/>
        <UsageCount Value="32"/>
      </Unit15>
      <Unit16>
        <Filename Value="D:\programming\lazarus\lcl\lcltype.pp"/>
        <UnitName Value="LCLType"/>
        <CursorPos X="1" Y="371"/>
        <TopLine Value="351"/>
        <UsageCount Value="24"/>
      </Unit16>
      <Unit17>
        <Filename Value="D:\programming\lazarus\fpc\2.2.0\source\rtl\inc\systemh.inc"/>
        <CursorPos X="1" Y="526"/>
        <TopLine Value="511"/>
        <UsageCount Value="15"/>
      </Unit17>
      <Unit18>
        <Filename Value="D:\programming\lazarus\lcl\interfaces\win32\interfaces.pp"/>
        <UnitName Value="Interfaces"/>
        <CursorPos X="20" Y="4"/>
        <TopLine Value="1"/>
        <UsageCount Value="9"/>
      </Unit18>
      <Unit19>
        <Filename Value="Unit1.lfm"/>
        <CursorPos X="1" Y="1"/>
        <TopLine Value="1"/>
        <UsageCount Value="18"/>
        <SyntaxHighlighter Value="LFM"/>
      </Unit19>
      <Unit20>
        <Filename Value="Unit1.lrs"/>
        <CursorPos X="2" Y="3"/>
        <TopLine Value="1"/>
        <UsageCount Value="9"/>
      </Unit20>
      <Unit21>
        <Filename Value="D:\programming\lazarus\lcl\grids.pas"/>
        <UnitName Value="Grids"/>
        <CursorPos X="1" Y="6789"/>
        <TopLine Value="6774"/>
        <UsageCount Value="14"/>
      </Unit21>
      <Unit22>
        <Filename Value="D:\programming\lazarus\fpc\2.2.0\source\rtl\win\wininc\func.inc"/>
        <CursorPos X="10" Y="1246"/>
        <TopLine Value="1236"/>
        <UsageCount Value="26"/>
      </Unit22>
      <Unit23>
        <Filename Value="D:\programming\lazarus\fpc\2.2.0\source\rtl\win\wininc\base.inc"/>
        <CursorPos X="28" Y="91"/>
        <TopLine Value="81"/>
        <UsageCount Value="14"/>
      </Unit23>
      <Unit24>
        <Filename Value="D:\programming\lazarus\lcl\forms.pp"/>
        <UnitName Value="Forms"/>
        <CursorPos X="16" Y="199"/>
        <TopLine Value="185"/>
        <UsageCount Value="18"/>
      </Unit24>
      <Unit25>
        <Filename Value="D:\programming\lazarus\lcl\controls.pp"/>
        <UnitName Value="Controls"/>
        <CursorPos X="15" Y="1652"/>
        <TopLine Value="1642"/>
        <UsageCount Value="31"/>
      </Unit25>
      <Unit26>
        <Filename Value="P:\programming\lazarus\lcl\interfaces\win32\win32callback.inc"/>
        <CursorPos X="1" Y="2446"/>
        <TopLine Value="2431"/>
        <EditorIndex Value="13"/>
        <UsageCount Value="30"/>
        <Loaded Value="True"/>
      </Unit26>
      <Unit27>
        <Filename Value="P:\programming\lazarus\lcl\interfaces\win32\win32int.pp"/>
        <UnitName Value="Win32Int"/>
        <CursorPos X="10" Y="246"/>
        <TopLine Value="233"/>
        <UsageCount Value="19"/>
      </Unit27>
      <Unit28>
        <Filename Value="P:\programming\lazarus\lcl\interfaces\win32\win32object.inc"/>
        <CursorPos X="3" Y="215"/>
        <TopLine Value="213"/>
        <UsageCount Value="18"/>
      </Unit28>
      <Unit29>
        <Filename Value="D:\programming\lazarus\fpc\2.2.0\source\rtl\objpas\classes\classesh.inc"/>
        <CursorPos X="20" Y="554"/>
        <TopLine Value="536"/>
        <UsageCount Value="15"/>
      </Unit29>
      <Unit30>
        <Filename Value="D:\programming\lazarus\fpc\2.2.0\source\rtl\objpas\classes\compon.inc"/>
        <CursorPos X="17" Y="34"/>
        <TopLine Value="28"/>
        <UsageCount Value="15"/>
      </Unit30>
      <Unit31>
        <Filename Value="D:\programming\lazarus\fpc\2.2.0\source\rtl\win\wininc\defines.inc"/>
        <CursorPos X="6" Y="2649"/>
        <TopLine Value="2639"/>
        <UsageCount Value="15"/>
      </Unit31>
      <Unit32>
        <Filename Value="..\..\..\components\pascal\data\bbutils.pas"/>
        <UnitName Value="bbutils"/>
        <CursorPos X="24" Y="166"/>
        <TopLine Value="155"/>
        <UsageCount Value="31"/>
      </Unit32>
      <Unit33>
        <Filename Value="D:\programming\lazarus\lcl\include\winapih.inc"/>
        <CursorPos X="10" Y="121"/>
        <TopLine Value="111"/>
        <UsageCount Value="22"/>
      </Unit33>
      <Unit34>
        <Filename Value="D:\programming\lazarus\lcl\include\winapi.inc"/>
        <CursorPos X="10" Y="483"/>
        <TopLine Value="472"/>
        <UsageCount Value="13"/>
      </Unit34>
      <Unit35>
        <Filename Value="D:\programming\lazarus\lcl\include\buttoncontrol.inc"/>
        <CursorPos X="3" Y="36"/>
        <TopLine Value="34"/>
        <UsageCount Value="13"/>
      </Unit35>
      <Unit36>
        <Filename Value="D:\programming\lazarus\lcl\include\customcheckbox.inc"/>
        <CursorPos X="1" Y="146"/>
        <TopLine Value="134"/>
        <UsageCount Value="13"/>
      </Unit36>
      <Unit37>
        <Filename Value="D:\programming\lazarus\fpc\2.2.0\source\rtl\win\sysosh.inc"/>
        <CursorPos X="17" Y="22"/>
        <TopLine Value="12"/>
        <UsageCount Value="9"/>
      </Unit37>
      <Unit38>
        <Filename Value="D:\programming\lazarus\lcl\include\customcombobox.inc"/>
        <CursorPos X="1" Y="206"/>
        <TopLine Value="197"/>
        <UsageCount Value="22"/>
      </Unit38>
      <Unit39>
        <Filename Value="D:\programming\lazarus\lcl\include\control.inc"/>
        <CursorPos X="3" Y="3668"/>
        <TopLine Value="3658"/>
        <UsageCount Value="22"/>
      </Unit39>
      <Unit40>
        <Filename Value="D:\programming\lazarus\lcl\include\wincontrol.inc"/>
        <CursorPos X="3" Y="5218"/>
        <TopLine Value="5209"/>
        <UsageCount Value="22"/>
      </Unit40>
      <Unit41>
        <Filename Value="D:\programming\lazarus\lcl\include\listitems.inc"/>
        <CursorPos X="46" Y="97"/>
        <TopLine Value="92"/>
        <UsageCount Value="21"/>
      </Unit41>
      <Unit42>
        <Filename Value="D:\programming\lazarus\lcl\comctrls.pp"/>
        <UnitName Value="ComCtrls"/>
        <CursorPos X="24" Y="2569"/>
        <TopLine Value="2556"/>
        <UsageCount Value="21"/>
      </Unit42>
      <Unit43>
        <Filename Value="D:\programming\lazarus\lcl\interfaces\win32\win32proc.pp"/>
        <UnitName Value="win32proc"/>
        <CursorPos X="27" Y="599"/>
        <TopLine Value="590"/>
        <UsageCount Value="21"/>
      </Unit43>
      <Unit44>
        <Filename Value="applicationconfig.pas"/>
        <IsPartOfProject Value="True"/>
        <UnitName Value="applicationConfig"/>
        <CursorPos X="27" Y="27"/>
        <TopLine Value="5"/>
        <EditorIndex Value="21"/>
        <UsageCount Value="106"/>
        <Loaded Value="True"/>
      </Unit44>
      <Unit45>
        <Filename Value="D:\programming\lazarus\lcl\fileutil.pas"/>
        <UnitName Value="FileUtil"/>
        <CursorPos X="10" Y="45"/>
        <TopLine Value="35"/>
        <UsageCount Value="20"/>
      </Unit45>
      <Unit46>
        <Filename Value="D:\programming\lazarus\lcl\include\fileutil.inc"/>
        <CursorPos X="23" Y="123"/>
        <TopLine Value="110"/>
        <UsageCount Value="20"/>
      </Unit46>
      <Unit47>
        <Filename Value="D:\programming\lazarus\fpc\2.2.0\source\rtl\objpas\sysutils\filutilh.inc"/>
        <CursorPos X="10" Y="87"/>
        <TopLine Value="78"/>
        <UsageCount Value="20"/>
      </Unit47>
      <Unit48>
        <Filename Value="D:\programming\lazarus\fpc\2.2.0\source\rtl\win\sysutils.pp"/>
        <UnitName Value="sysutils"/>
        <CursorPos X="5" Y="1203"/>
        <TopLine Value="1183"/>
        <UsageCount Value="20"/>
      </Unit48>
      <Unit49>
        <Filename Value="winconstwindow.pas"/>
        <ComponentName Value="windowConstForm"/>
        <IsPartOfProject Value="True"/>
        <ResourceFilename Value="winconstwindow.lrs"/>
        <UnitName Value="winconstwindow"/>
        <CursorPos X="2" Y="96"/>
        <TopLine Value="95"/>
        <EditorIndex Value="5"/>
        <UsageCount Value="104"/>
        <Loaded Value="True"/>
      </Unit49>
      <Unit50>
        <Filename Value="D:\programming\lazarus\lcl\include\intfbasewinapi.inc"/>
        <CursorPos X="3" Y="882"/>
        <TopLine Value="880"/>
        <UsageCount Value="19"/>
      </Unit50>
      <Unit51>
        <Filename Value="P:\programming\lazarus\ide\exttooldialog.pas"/>
        <ComponentName Value="ExternalToolDialog"/>
        <HasResources Value="True"/>
        <UnitName Value="ExtToolDialog"/>
        <CursorPos X="1" Y="1"/>
        <TopLine Value="1"/>
        <UsageCount Value="12"/>
      </Unit51>
      <Unit52>
        <Filename Value="P:\programming\lazarus\ide\idetranslations.pas"/>
        <UnitName Value="IDETranslations"/>
        <CursorPos X="1" Y="421"/>
        <TopLine Value="421"/>
        <UsageCount Value="12"/>
      </Unit52>
      <Unit53>
        <Filename Value="P:\programming\lazarus\ide\mainbar.pas"/>
        <UnitName Value="MainBar"/>
        <CursorPos X="38" Y="296"/>
        <TopLine Value="283"/>
        <UsageCount Value="12"/>
      </Unit53>
      <Unit54>
        <Filename Value="P:\programming\lazarus\ide\include\ide.inc"/>
        <CursorPos X="1" Y="38"/>
        <TopLine Value="18"/>
        <UsageCount Value="12"/>
      </Unit54>
      <Unit55>
        <Filename Value="P:\programming\lazarus\ide\componentpalette.pas"/>
        <UnitName Value="ComponentPalette"/>
        <CursorPos X="1" Y="1"/>
        <TopLine Value="1"/>
        <UsageCount Value="12"/>
      </Unit55>
      <Unit56>
        <Filename Value="P:\programming\lazarus\ide\componentlist.lfm"/>
        <CursorPos X="59" Y="2"/>
        <TopLine Value="1"/>
        <UsageCount Value="9"/>
        <SyntaxHighlighter Value="LFM"/>
      </Unit56>
      <Unit57>
        <Filename Value="P:\programming\lazarus\ide\componentlist.pas"/>
        <ComponentName Value="ComponentListForm"/>
        <HasResources Value="True"/>
        <UnitName Value="ComponentList"/>
        <CursorPos X="29" Y="54"/>
        <TopLine Value="41"/>
        <UsageCount Value="12"/>
      </Unit57>
      <Unit58>
        <Filename Value="P:\programming\lazarus\ideintf\menuintf.pas"/>
        <UnitName Value="MenuIntf"/>
        <CursorPos X="1" Y="351"/>
        <TopLine Value="331"/>
        <UsageCount Value="12"/>
      </Unit58>
      <Unit59>
        <Filename Value="D:\programming\lazarus\ide\mainbar.pas"/>
        <UnitName Value="MainBar"/>
        <CursorPos X="34" Y="290"/>
        <TopLine Value="279"/>
        <UsageCount Value="11"/>
      </Unit59>
      <Unit60>
        <Filename Value="D:\programming\lazarus\ide\mainbase.pas"/>
        <UnitName Value="MainBase"/>
        <CursorPos X="44" Y="936"/>
        <TopLine Value="931"/>
        <UsageCount Value="11"/>
      </Unit60>
      <Unit61>
        <Filename Value="D:\programming\lazarus\ide\main.pp"/>
        <UnitName Value="Main"/>
        <CursorPos X="30" Y="11912"/>
        <TopLine Value="11908"/>
        <UsageCount Value="11"/>
        <Bookmarks Count="2">
          <Item0 X="3" Y="11910" ID="1"/>
          <Item1 X="67" Y="11912" ID="5"/>
        </Bookmarks>
      </Unit61>
      <Unit62>
        <Filename Value="D:\programming\lazarus\ideintf\idecommands.pas"/>
        <UnitName Value="IDECommands"/>
        <CursorPos X="49" Y="140"/>
        <TopLine Value="128"/>
        <UsageCount Value="10"/>
      </Unit62>
      <Unit63>
        <Filename Value="D:\programming\lazarus\ide\lazarusidestrconsts.pas"/>
        <UnitName Value="LazarusIDEStrConsts"/>
        <CursorPos X="28" Y="359"/>
        <TopLine Value="348"/>
        <UsageCount Value="10"/>
      </Unit63>
      <Unit64>
        <Filename Value="D:\programming\lazarus\ide\keymapping.pp"/>
        <UnitName Value="KeyMapping"/>
        <CursorPos X="50" Y="2343"/>
        <TopLine Value="2332"/>
        <UsageCount Value="10"/>
      </Unit64>
      <Unit65>
        <Filename Value="D:\programming\lazarus\components\codetools\stdcodetools.pas"/>
        <UnitName Value="StdCodeTools"/>
        <CursorPos X="56" Y="4610"/>
        <TopLine Value="4603"/>
        <UsageCount Value="10"/>
      </Unit65>
      <Unit66>
        <Filename Value="D:\programming\lazarus\components\codetools\codetoolmanager.pas"/>
        <UnitName Value="CodeToolManager"/>
        <CursorPos X="14" Y="343"/>
        <TopLine Value="300"/>
        <UsageCount Value="10"/>
      </Unit66>
      <Unit67>
        <Filename Value="D:\programming\lazarus\ide\project.pp"/>
        <UnitName Value="Project"/>
        <CursorPos X="14" Y="257"/>
        <TopLine Value="238"/>
        <UsageCount Value="10"/>
      </Unit67>
      <Unit68>
        <Filename Value="D:\programming\lazarus\components\synedit\synedit.pp"/>
        <UnitName Value="SynEdit"/>
        <CursorPos X="3" Y="9283"/>
        <TopLine Value="9273"/>
        <UsageCount Value="10"/>
      </Unit68>
      <Unit69>
        <Filename Value="D:\programming\lazarus\components\synedit\synedittypes.pp"/>
        <UnitName Value="SynEditTypes"/>
        <CursorPos X="50" Y="69"/>
        <TopLine Value="59"/>
        <UsageCount Value="10"/>
      </Unit69>
      <Unit70>
        <Filename Value="D:\programming\lazarus\ide\uniteditor.pp"/>
        <ComponentName Value="SourceNotebook"/>
        <HasResources Value="True"/>
        <UnitName Value="UnitEditor"/>
        <CursorPos X="36" Y="1283"/>
        <TopLine Value="1281"/>
        <UsageCount Value="10"/>
      </Unit70>
      <Unit71>
        <Filename Value="D:\programming\lazarus\components\synedit\syneditsearch.pp"/>
        <UnitName Value="SynEditSearch"/>
        <CursorPos X="22" Y="87"/>
        <TopLine Value="74"/>
        <UsageCount Value="10"/>
      </Unit71>
      <Unit72>
        <Filename Value="wstyles.lrs"/>
        <CursorPos X="4" Y="75"/>
        <TopLine Value="55"/>
        <UsageCount Value="9"/>
      </Unit72>
      <Unit73>
        <Filename Value="P:\programming\lazarus\lcl\lresources.pp"/>
        <UnitName Value="LResources"/>
        <CursorPos X="3" Y="294"/>
        <TopLine Value="284"/>
        <UsageCount Value="9"/>
      </Unit73>
      <Unit74>
        <Filename Value="tlhelp32.pas"/>
        <UnitName Value="TLHelp32"/>
        <CursorPos X="5" Y="190"/>
        <TopLine Value="175"/>
        <UsageCount Value="16"/>
      </Unit74>
      <Unit75>
        <Filename Value="P:\programming\lazarus\fpc\2.2.0\source\rtl\win\wininc\defines.inc"/>
        <CursorPos X="6" Y="690"/>
        <TopLine Value="680"/>
        <UsageCount Value="15"/>
      </Unit75>
      <Unit76>
        <Filename Value="P:\programming\lazarus\fpc\2.2.0\source\rtl\win\wininc\func.inc"/>
        <CursorPos X="10" Y="788"/>
        <TopLine Value="773"/>
        <EditorIndex Value="23"/>
        <UsageCount Value="27"/>
        <Loaded Value="True"/>
      </Unit76>
      <Unit77>
        <Filename Value="P:\programming\lazarus\lcl\comctrls.pp"/>
        <UnitName Value="ComCtrls"/>
        <CursorPos X="1" Y="1"/>
        <TopLine Value="1"/>
        <EditorIndex Value="31"/>
        <UsageCount Value="38"/>
        <Loaded Value="True"/>
      </Unit77>
      <Unit78>
        <Filename Value="P:\programming\lazarus\fpc\2.2.0\source\rtl\inc\wstringh.inc"/>
        <CursorPos X="11" Y="30"/>
        <TopLine Value="20"/>
        <UsageCount Value="15"/>
      </Unit78>
      <Unit79>
        <Filename Value="P:\programming\lazarus\fpc\2.2.0\source\rtl\inc\wstrings.inc"/>
        <CursorPos X="3" Y="1213"/>
        <TopLine Value="1209"/>
        <UsageCount Value="15"/>
      </Unit79>
      <Unit80>
        <Filename Value="P:\programming\lazarus\lcl\include\listitems.inc"/>
        <CursorPos X="13" Y="219"/>
        <TopLine Value="212"/>
        <UsageCount Value="15"/>
      </Unit80>
      <Unit81>
        <Filename Value="windowcontrolfuncs.pas"/>
        <IsPartOfProject Value="True"/>
        <UnitName Value="windowcontrolfuncs"/>
        <CursorPos X="65" Y="128"/>
        <TopLine Value="115"/>
        <EditorIndex Value="18"/>
        <UsageCount Value="75"/>
        <Loaded Value="True"/>
      </Unit81>
      <Unit82>
        <Filename Value="P:\programming\lazarus\lcl\checklst.pas"/>
        <UnitName Value="CheckLst"/>
        <CursorPos X="15" Y="51"/>
        <TopLine Value="43"/>
        <UsageCount Value="14"/>
      </Unit82>
      <Unit83>
        <Filename Value="P:\programming\lazarus\fpc\2.2.0\source\rtl\objpas\classes\classesh.inc"/>
        <CursorPos X="18" Y="42"/>
        <TopLine Value="29"/>
        <EditorIndex Value="6"/>
        <UsageCount Value="34"/>
        <Loaded Value="True"/>
      </Unit83>
      <Unit84>
        <Filename Value="P:\programming\lazarus\lcl\interfaces\win32\win32listsl.inc"/>
        <CursorPos X="34" Y="496"/>
        <TopLine Value="477"/>
        <UsageCount Value="14"/>
      </Unit84>
      <Unit85>
        <Filename Value="P:\programming\lazarus\lcl\extctrls.pp"/>
        <UnitName Value="ExtCtrls"/>
        <CursorPos X="14" Y="1042"/>
        <TopLine Value="1032"/>
        <UsageCount Value="9"/>
      </Unit85>
      <Unit86>
        <Filename Value="P:\programming\lazarus\lcl\controls.pp"/>
        <UnitName Value="Controls"/>
        <CursorPos X="15" Y="1023"/>
        <TopLine Value="1010"/>
        <EditorIndex Value="24"/>
        <UsageCount Value="24"/>
        <Loaded Value="True"/>
      </Unit86>
      <Unit87>
        <Filename Value="P:\programming\lazarus\lcl\stdctrls.pp"/>
        <UnitName Value="StdCtrls"/>
        <CursorPos X="3" Y="1099"/>
        <TopLine Value="1089"/>
        <UsageCount Value="13"/>
      </Unit87>
      <Unit88>
        <Filename Value="P:\programming\lazarus\lcl\include\customlistbox.inc"/>
        <CursorPos X="25" Y="535"/>
        <TopLine Value="529"/>
        <UsageCount Value="13"/>
      </Unit88>
      <Unit89>
        <Filename Value="P:\programming\lazarus\fpc\2.2.0\source\rtl\win\wininc\base.inc"/>
        <CursorPos X="6" Y="67"/>
        <TopLine Value="54"/>
        <EditorIndex Value="19"/>
        <UsageCount Value="19"/>
        <Loaded Value="True"/>
      </Unit89>
      <Unit90>
        <Filename Value="P:\programming\lazarus\fpc\2.2.0\source\rtl\win\wininc\redef.inc"/>
        <CursorPos X="101" Y="628"/>
        <TopLine Value="618"/>
        <UsageCount Value="9"/>
      </Unit90>
      <Unit91>
        <Filename Value="D:\programming\lazarus\fpc\2.2.0\source\rtl\objpas\fgl.pp"/>
        <UnitName Value="fgl"/>
        <CursorPos X="14" Y="159"/>
        <TopLine Value="149"/>
        <UsageCount Value="9"/>
      </Unit91>
      <Unit92>
        <Filename Value="D:\programming\lazarus\fpc\2.2.0\source\rtl\objpas\classes\lists.inc"/>
        <CursorPos X="11" Y="270"/>
        <TopLine Value="243"/>
        <UsageCount Value="9"/>
      </Unit92>
      <Unit93>
        <Filename Value="D:\programming\lazarus\fpc\2.2.0\source\rtl\netwlibc\libc.pp"/>
        <UnitName Value="libc"/>
        <CursorPos X="12" Y="518"/>
        <TopLine Value="121"/>
        <UsageCount Value="9"/>
      </Unit93>
      <Unit94>
        <Filename Value="D:\programming\lazarus\fpc\2.2.0\source\packages\fcl-image\src\fpditherer.pas"/>
        <UnitName Value="FPDitherer"/>
        <CursorPos X="10" Y="223"/>
        <TopLine Value="194"/>
        <UsageCount Value="9"/>
      </Unit94>
      <Unit95>
        <Filename Value="D:\programming\lazarus\fpc\2.2.0\source\packages\fcl-image\src\fpquantizer.pas"/>
        <UnitName Value="FPQuantizer"/>
        <CursorPos X="10" Y="562"/>
        <TopLine Value="552"/>
        <UsageCount Value="9"/>
      </Unit95>
      <Unit96>
        <Filename Value="..\..\..\..\components\pascal\data\TreeListView.pas"/>
        <UnitName Value="TreeListView"/>
        <CursorPos X="57" Y="1972"/>
        <TopLine Value="1965"/>
        <EditorIndex Value="14"/>
        <UsageCount Value="31"/>
        <Bookmarks Count="3">
          <Item0 X="26" Y="770" ID="6"/>
          <Item1 X="53" Y="257" ID="7"/>
          <Item2 X="21" Y="1352" ID="8"/>
        </Bookmarks>
        <Loaded Value="True"/>
      </Unit96>
      <Unit97>
        <Filename Value="P:\programming\lazarus\lcl\include\headercontrol.inc"/>
        <CursorPos X="1" Y="5"/>
        <TopLine Value="1"/>
        <EditorIndex Value="32"/>
        <UsageCount Value="32"/>
        <Loaded Value="True"/>
      </Unit97>
      <Unit98>
        <Filename Value="D:\programming\lazarus\lcl\include\headercontrol.inc"/>
        <CursorPos X="90" Y="97"/>
        <TopLine Value="90"/>
        <UsageCount Value="10"/>
      </Unit98>
      <Unit99>
        <Filename Value="P:\programming\lazarus\lcl\include\customlistview.inc"/>
        <CursorPos X="1" Y="123"/>
        <TopLine Value="110"/>
        <UsageCount Value="12"/>
      </Unit99>
      <Unit100>
        <Filename Value="P:\programming\lazarus\lcl\lmessages.pp"/>
        <UnitName Value="LMessages"/>
        <CursorPos X="18" Y="490"/>
        <TopLine Value="477"/>
        <UsageCount Value="12"/>
      </Unit100>
      <Unit101>
        <Filename Value="P:\programming\lazarus\lcl\lcltype.pp"/>
        <UnitName Value="LCLType"/>
        <CursorPos X="24" Y="2582"/>
        <TopLine Value="2567"/>
        <UsageCount Value="12"/>
        <Bookmarks Count="1">
          <Item0 X="44" Y="2489" ID="3"/>
        </Bookmarks>
      </Unit101>
      <Unit102>
        <Filename Value="P:\programming\lazarus\lcl\include\listcolumn.inc"/>
        <CursorPos X="1" Y="1"/>
        <TopLine Value="1"/>
        <UsageCount Value="11"/>
      </Unit102>
      <Unit103>
        <Filename Value="P:\programming\lazarus\lcl\include\listcolumns.inc"/>
        <CursorPos X="1" Y="92"/>
        <TopLine Value="76"/>
        <UsageCount Value="11"/>
      </Unit103>
      <Unit104>
        <Filename Value="D:\programming\lazarus\fpc\2.2.0\source\rtl\wince\wininc\struct.inc"/>
        <CursorPos X="1" Y="4207"/>
        <TopLine Value="4201"/>
        <UsageCount Value="11"/>
      </Unit104>
      <Unit105>
        <Filename Value="P:\programming\lazarus\fpc\2.2.0\source\rtl\objpas\classes\collect.inc"/>
        <CursorPos X="2" Y="45"/>
        <TopLine Value="42"/>
        <UsageCount Value="11"/>
      </Unit105>
      <Unit106>
        <Filename Value="P:\programming\lazarus\lcl\lclproc.pas"/>
        <UnitName Value="LCLProc"/>
        <CursorPos X="1" Y="791"/>
        <TopLine Value="778"/>
        <UsageCount Value="11"/>
      </Unit106>
      <Unit107>
        <Filename Value="P:\programming\lazarus\lcl\include\canvas.inc"/>
        <CursorPos X="3" Y="1474"/>
        <TopLine Value="1435"/>
        <EditorIndex Value="27"/>
        <UsageCount Value="29"/>
        <Loaded Value="True"/>
      </Unit107>
      <Unit108>
        <Filename Value="P:\programming\lazarus\lcl\include\controlcanvas.inc"/>
        <CursorPos X="1" Y="90"/>
        <TopLine Value="77"/>
        <UsageCount Value="11"/>
      </Unit108>
      <Unit109>
        <Filename Value="P:\programming\lazarus\lcl\include\wincontrol.inc"/>
        <CursorPos X="13" Y="6460"/>
        <TopLine Value="6435"/>
        <UsageCount Value="11"/>
      </Unit109>
      <Unit110>
        <Filename Value="D:\programming\lazarus\lcl\extctrls.pp"/>
        <UnitName Value="ExtCtrls"/>
        <CursorPos X="5" Y="1180"/>
        <TopLine Value="1167"/>
        <UsageCount Value="10"/>
      </Unit110>
      <Unit111>
        <Filename Value="D:\programming\lazarus\lcl\include\customnotebook.inc"/>
        <CursorPos X="27" Y="775"/>
        <TopLine Value="762"/>
        <UsageCount Value="10"/>
      </Unit111>
      <Unit112>
        <Filename Value="D:\programming\lazarus\lcl\include\customlistview.inc"/>
        <CursorPos X="12" Y="123"/>
        <TopLine Value="113"/>
        <UsageCount Value="10"/>
      </Unit112>
      <Unit113>
        <Filename Value="D:\programming\lazarus\lcl\interfaces\win32\win32wsdialogs.pp"/>
        <UnitName Value="Win32WSDialogs"/>
        <CursorPos X="15" Y="289"/>
        <TopLine Value="282"/>
        <UsageCount Value="10"/>
      </Unit113>
      <Unit114>
        <Filename Value="D:\programming\lazarus\lcl\interfaces\win32\win32callback.inc"/>
        <CursorPos X="1" Y="1915"/>
        <TopLine Value="1903"/>
        <UsageCount Value="10"/>
        <Bookmarks Count="1">
          <Item0 X="62" Y="928" ID="5"/>
        </Bookmarks>
      </Unit114>
      <Unit115>
        <Filename Value="D:\programming\lazarus\lcl\lmessages.pp"/>
        <UnitName Value="LMessages"/>
        <CursorPos X="36" Y="325"/>
        <TopLine Value="312"/>
        <UsageCount Value="10"/>
      </Unit115>
      <Unit116>
        <Filename Value="D:\programming\lazarus\lcl\interfaces\win32\win32int.pp"/>
        <UnitName Value="Win32Int"/>
        <CursorPos X="47" Y="288"/>
        <TopLine Value="275"/>
        <UsageCount Value="10"/>
      </Unit116>
      <Unit117>
        <Filename Value="P:\programming\lazarus\lcl\interfaces\win32\win32wscomctrls.pp"/>
        <UnitName Value="Win32WSComCtrls"/>
        <CursorPos X="72" Y="671"/>
        <TopLine Value="659"/>
        <UsageCount Value="10"/>
      </Unit117>
      <Unit118>
        <Filename Value="P:\programming\lazarus\lcl\lclclasses.pp"/>
        <UnitName Value="LCLClasses"/>
        <CursorPos X="40" Y="111"/>
        <TopLine Value="94"/>
        <UsageCount Value="10"/>
      </Unit118>
      <Unit119>
        <Filename Value="P:\programming\lazarus\fpc\2.2.0\source\rtl\objpas\objpas.pp"/>
        <UnitName Value="objpas"/>
        <CursorPos X="27" Y="26"/>
        <TopLine Value="13"/>
        <EditorIndex Value="7"/>
        <UsageCount Value="18"/>
        <Loaded Value="True"/>
      </Unit119>
      <Unit120>
        <Filename Value="P:\programming\lazarus\fpc\2.2.0\source\rtl\inc\heap.inc"/>
        <CursorPos X="72" Y="241"/>
        <TopLine Value="230"/>
        <UsageCount Value="10"/>
      </Unit120>
      <Unit121>
        <Filename Value="P:\programming\lazarus\lcl\widgetset\wslclclasses.pp"/>
        <UnitName Value="WSLCLClasses"/>
        <CursorPos X="1" Y="137"/>
        <TopLine Value="124"/>
        <UsageCount Value="10"/>
      </Unit121>
      <Unit122>
        <Filename Value="P:\programming\lazarus\lcl\interfaces\win32\win32wscontrols.pp"/>
        <UnitName Value="Win32WSControls"/>
        <CursorPos X="25" Y="334"/>
        <TopLine Value="318"/>
        <UsageCount Value="10"/>
        <Bookmarks Count="1">
          <Item0 X="19" Y="330" ID="1"/>
        </Bookmarks>
      </Unit122>
      <Unit123>
        <Filename Value="P:\programming\lazarus\lcl\themes.pas"/>
        <UnitName Value="Themes"/>
        <CursorPos X="71" Y="435"/>
        <TopLine Value="422"/>
        <EditorIndex Value="33"/>
        <UsageCount Value="28"/>
        <Loaded Value="True"/>
      </Unit123>
      <Unit124>
        <Filename Value="P:\programming\lazarus\fpc\2.2.0\source\packages\fcl-image\src\fpcanvas.pp"/>
        <UnitName Value="FPCanvas"/>
        <CursorPos X="15" Y="240"/>
        <TopLine Value="225"/>
        <EditorIndex Value="28"/>
        <UsageCount Value="28"/>
        <Loaded Value="True"/>
      </Unit124>
      <Unit125>
        <Filename Value="P:\programming\lazarus\fpc\2.2.0\source\packages\fcl-image\src\fpfont.inc"/>
        <CursorPos X="49" Y="55"/>
        <TopLine Value="38"/>
        <EditorIndex Value="30"/>
        <UsageCount Value="28"/>
        <Loaded Value="True"/>
      </Unit125>
      <Unit126>
        <Filename Value="P:\programming\lazarus\lcl\graphics.pp"/>
        <UnitName Value="Graphics"/>
        <CursorPos X="15" Y="936"/>
        <TopLine Value="921"/>
        <EditorIndex Value="26"/>
        <UsageCount Value="27"/>
        <Loaded Value="True"/>
      </Unit126>
      <Unit127>
        <Filename Value="P:\programming\lazarus\fpc\2.2.0\source\rtl\objpas\classes\lists.inc"/>
        <CursorPos X="20" Y="487"/>
        <TopLine Value="485"/>
        <EditorIndex Value="10"/>
        <UsageCount Value="27"/>
        <Loaded Value="True"/>
      </Unit127>
      <Unit128>
        <Filename Value="P:\programming\lazarus\fpc\2.2.0\source\packages\fcl-image\src\fpcanvas.inc"/>
        <CursorPos X="7" Y="272"/>
        <TopLine Value="269"/>
        <EditorIndex Value="29"/>
        <UsageCount Value="26"/>
        <Loaded Value="True"/>
      </Unit128>
      <Unit129>
        <Filename Value="P:\programming\lazarus\lcl\include\control.inc"/>
        <CursorPos X="1" Y="2434"/>
        <TopLine Value="2419"/>
        <EditorIndex Value="25"/>
        <UsageCount Value="23"/>
        <Loaded Value="True"/>
      </Unit129>
      <Unit130>
        <Filename Value="P:\programming\lazarus\fpc\2.2.0\source\rtl\inc\system.inc"/>
        <CursorPos X="63" Y="784"/>
        <TopLine Value="779"/>
        <EditorIndex Value="22"/>
        <UsageCount Value="22"/>
        <Loaded Value="True"/>
      </Unit130>
      <Unit131>
        <Filename Value="P:\programming\lazarus\lcl\interfaces\win32\win32proc.pp"/>
        <UnitName Value="win32proc"/>
        <CursorPos X="1" Y="626"/>
        <TopLine Value="611"/>
        <EditorIndex Value="12"/>
        <UsageCount Value="22"/>
        <Loaded Value="True"/>
      </Unit131>
      <Unit132>
        <Filename Value="P:\programming\lazarus\fpc\2.2.0\source\rtl\inc\objpas.inc"/>
        <CursorPos X="1" Y="152"/>
        <TopLine Value="137"/>
        <EditorIndex Value="11"/>
        <UsageCount Value="22"/>
        <Loaded Value="True"/>
      </Unit132>
      <Unit133>
        <Filename Value="P:\programming\lazarus\fpc\2.2.0\source\rtl\inc\systemh.inc"/>
        <CursorPos X="11" Y="410"/>
        <TopLine Value="401"/>
        <EditorIndex Value="8"/>
        <UsageCount Value="18"/>
        <Loaded Value="True"/>
      </Unit133>
      <Unit134>
        <Filename Value="P:\programming\lazarus\fpc\2.2.0\source\rtl\objpas\sysutils\sysstrh.inc"/>
        <CursorPos X="10" Y="194"/>
        <TopLine Value="177"/>
        <EditorIndex Value="16"/>
        <UsageCount Value="18"/>
        <Loaded Value="True"/>
      </Unit134>
      <Unit135>
        <Filename Value="P:\programming\lazarus\fpc\2.2.0\source\rtl\objpas\sysutils\sysstr.inc"/>
        <CursorPos X="1" Y="689"/>
        <TopLine Value="686"/>
        <EditorIndex Value="17"/>
        <UsageCount Value="18"/>
        <Loaded Value="True"/>
      </Unit135>
      <Unit136>
        <Filename Value="P:\programming\lazarus\fpc\2.2.0\source\rtl\win\wininc\ascdef.inc"/>
        <CursorPos X="51" Y="257"/>
        <TopLine Value="244"/>
        <EditorIndex Value="20"/>
        <UsageCount Value="17"/>
        <Loaded Value="True"/>
      </Unit136>
      <Unit137>
        <Filename Value="P:\programming\lazarus\lcl\include\scrollbar.inc"/>
        <CursorPos X="1" Y="152"/>
        <TopLine Value="137"/>
        <EditorIndex Value="15"/>
        <UsageCount Value="16"/>
        <Loaded Value="True"/>
      </Unit137>
      <Unit138>
        <Filename Value="P:\programming\lazarus\fpc\2.2.0\source\packages\fcl-registry\src\registry.pp"/>
        <UnitName Value="registry"/>
        <CursorPos X="50" Y="220"/>
        <TopLine Value="207"/>
        <EditorIndex Value="3"/>
        <UsageCount Value="13"/>
        <Loaded Value="True"/>
      </Unit138>
      <Unit139>
        <Filename Value="P:\programming\lazarus\fpc\2.2.0\source\rtl\i386\fastmove.inc"/>
        <CursorPos X="11" Y="835"/>
        <TopLine Value="830"/>
        <EditorIndex Value="9"/>
        <UsageCount Value="13"/>
        <Bookmarks Count="1">
          <Item0 X="33" Y="843" ID="1"/>
        </Bookmarks>
        <Loaded Value="True"/>
      </Unit139>
    </Units>
    <JumpHistory Count="0" HistoryIndex="-1"/>
  </ProjectOptions>
  <CompilerOptions>
    <Version Value="5"/>
    <PathDelim Value="\"/>
    <Target>
      <Filename Value="apiv.exe"/>
    </Target>
    <SearchPaths>
      <OtherUnitFiles Value="$(LazarusDir)\lcl\units\$(TargetCPU)-$(TargetOS)\;$(LazarusDir)\lcl\units\$(TargetCPU)-$(TargetOS)\$(LCLWidgetType)\;$(LazarusDir)\components\codetools\units\$(TargetCPU)-$(TargetOS)\;$(LazarusDir)\components\custom\;$(LazarusDir)\packager\units\$(TargetCPU)-$(TargetOS)\;U:\components\pascal\data\;U:\trunks\components\pascal\data\"/>
      <SrcPath Value="U:\components\pascal\data\"/>
    </SearchPaths>
    <CodeGeneration>
      <Checks>
        <IOChecks Value="True"/>
        <RangeChecks Value="True"/>
        <OverflowChecks Value="True"/>
        <StackChecks Value="True"/>
      </Checks>
      <Generate Value="Faster"/>
    </CodeGeneration>
    <Linking>
      <Options>
        <Win32>
          <GraphicApplication Value="True"/>
        </Win32>
      </Options>
    </Linking>
    <Other>
      <CompilerPath Value="$(CompPath)"/>
    </Other>
  </CompilerOptions>
  <Debugging>
    <BreakPoints Count="4">
      <Item1>
        <Source Value="..\..\..\components\pascal\internet\w32internetaccess.pas"/>
        <Line Value="297"/>
      </Item1>
      <Item2>
        <Source Value="..\..\..\components\pascal\internet\w32internetaccess.pas"/>
        <Line Value="376"/>
      </Item2>
      <Item3>
        <Source Value="..\..\internet\books\libraryparser.pas"/>
        <Line Value="2285"/>
      </Item3>
      <Item4>
        <Source Value="P:\programming\lazarus\fpc\2.2.0\source\packages\fcl-image\src\fpfont.inc"/>
        <Line Value="54"/>
      </Item4>
    </BreakPoints>
    <Watches Count="1">
      <Item1>
        <Expression Value="tcomponent(prop).fname"/>
      </Item1>
    </Watches>
    <Exceptions Count="3">
      <Item1>
        <Name Value="EAbortException"/>
      </Item1>
      <Item2>
        <Name Value="EAbort"/>
      </Item2>
      <Item3>
        <Name Value="eexternal"/>
      </Item3>
    </Exceptions>
  </Debugging>
</CONFIG>
